
Microsoft Visual Studio Solution File, Format Version 12.00
# Visual Studio Version 16
VisualStudioVersion = 16.0.31005.135
MinimumVisualStudioVersion = 10.0.40219.1
Project("{8BC9CEB8-8B4A-11D0-8D11-00A0C91BC942}") = "MusicPlayer", "MusicPlayer.vcxproj", "{0B80F9AE-3008-411A-A6C1-E3C8AEDADC17}"
EndProject
Global
	GlobalSection(SolutionConfigurationPlatforms) = preSolution
		Debug|x64 = Debug|x64
		Debug|x86 = Debug|x86
		Release|x64 = Release|x64
		Release|x86 = Release|x86
	EndGlobalSection
	GlobalSection(ProjectConfigurationPlatforms) = postSolution
		{0B80F9AE-3008-411A-A6C1-E3C8AEDADC17}.Debug|x64.ActiveCfg = Debug|x64
		{0B80F9AE-3008-411A-A6C1-E3C8AEDADC17}.Debug|x64.Build.0 = Debug|x64
		{0B80F9AE-3008-411A-A6C1-E3C8AEDADC17}.Debug|x86.ActiveCfg = Debug|Win32
		{0B80F9AE-3008-411A-A6C1-E3C8AEDADC17}.Debug|x86.Build.0 = Debug|Win32
		{0B80F9AE-3008-411A-A6C1-E3C8AEDADC17}.Release|x64.ActiveCfg = Release|x64
		{0B80F9AE-3008-411A-A6C1-E3C8AEDADC17}.Release|x64.Build.0 = Release|x64
		{0B80F9AE-3008-411A-A6C1-E3C8AEDADC17}.Release|x86.ActiveCfg = Release|Win32
		{0B80F9AE-3008-411A-A6C1-E3C8AEDADC17}.Release|x86.Build.0 = Release|Win32
	EndGlobalSection
	GlobalSection(SolutionProperties) = preSolution
		HideSolutionNode = FALSE
	EndGlobalSection
	GlobalSection(ExtensibilityGlobals) = postSolution
		SolutionGuid = {8A5BBF34-9978-4972-A734-F156F658F67F}
	EndGlobalSection
EndGlobal
